{
  "object": {
    "pins": [
      {
        "package": "RogersBankDownloader",
        "repositoryURL": "https://github.com/Nef10/RogersBankDownloader.git",
        "state": {
          "branch": null,
          "revision": "4025b16ce86250b93feeddde5a4d7be4bffb451c",
          "version": "0.0.9"
        }
      },
      {
        "package": "SwiftBeanCountModel",
        "repositoryURL": "https://github.com/Nef10/SwiftBeanCountModel.git",
        "state": {
          "branch": null,
          "revision": "a72ca4e46e816638be644ddfbb3c3f9233a5c944",
          "version": "0.1.6"
        }
      },
      {
        "package": "SwiftBeanCountParserUtils",
        "repositoryURL": "https://github.com/Nef10/SwiftBeanCountParserUtils.git",
        "state": {
          "branch": null,
          "revision": "c0978850756dd137f929cd9d523d443772881b3e",
          "version": "0.0.1"
        }
      }
    ]
  },
  "version": 1
}
