{
  "pins" : [
    {
      "identity" : "swiftbeancountmodel",
      "kind" : "remoteSourceControl",
      "location" : "https://github.com/Nef10/SwiftBeanCountModel.git",
      "state" : {
        "revision" : "a6660604559c66714e2908d6287a49a527d81c5a",
        "version" : "0.2.0"
      }
    }
  ],
  "version" : 2
}
