{
  "object": {
    "pins": [
      {
        "package": "CSV.swift",
        "repositoryURL": "https://github.com/yaslab/CSV.swift.git",
        "state": {
          "branch": null,
          "revision": "81d2874c51db364d7e1d71b0d99018a294c87ac1",
          "version": "2.4.3"
        }
      },
      {
        "package": "RogersBankDownloader",
        "repositoryURL": "https://github.com/Nef10/RogersBankDownloader.git",
        "state": {
          "branch": null,
          "revision": "4b29e04a04c04d7386b85247ffafe71d61e3346f",
          "version": "0.0.5"
        }
      },
      {
        "package": "SwiftBeanCountModel",
        "repositoryURL": "https://github.com/Nef10/SwiftBeanCountModel.git",
        "state": {
          "branch": null,
          "revision": "a72ca4e46e816638be644ddfbb3c3f9233a5c944",
          "version": "0.1.6"
        }
      },
      {
        "package": "SwiftBeanCountParserUtils",
        "repositoryURL": "https://github.com/Nef10/SwiftBeanCountParserUtils.git",
        "state": {
          "branch": null,
          "revision": "c0978850756dd137f929cd9d523d443772881b3e",
          "version": "0.0.1"
        }
      },
      {
        "package": "SwiftBeanCountRogersBankMapper",
        "repositoryURL": "https://github.com/Nef10/SwiftBeanCountRogersBankMapper.git",
        "state": {
          "branch": null,
          "revision": "a070a755044661a188d34e810fa1a661bc781c5c",
          "version": "0.0.5"
        }
      },
      {
        "package": "SwiftBeanCountWealthsimpleMapper",
        "repositoryURL": "https://github.com/Nef10/SwiftBeanCountWealthsimpleMapper.git",
        "state": {
          "branch": null,
          "revision": "d9d06b9fcc339e5381fef45370de667651117763",
          "version": "1.4.1"
        }
      },
      {
        "package": "WealthsimpleDownloader",
        "repositoryURL": "https://github.com/Nef10/WealthsimpleDownloader.git",
        "state": {
          "branch": null,
          "revision": "5502b33f55805536cb4fe7434121333b92ac79c7",
          "version": "2.0.0"
        }
      }
    ]
  },
  "version": 1
}
